
Microsoft Visual Studio Solution File, Format Version 12.00
# Visual Studio Version 16
VisualStudioVersion = 16.0.30717.126
MinimumVisualStudioVersion = 10.0.40219.1
Project("{FAE04EC0-301F-11D3-BF4B-00C04F79EFBC}") = "SA_SHOES", "SA_SHOES\SA_SHOES.csproj", "{6D0D6166-82CF-44EC-8878-9785F789AC3C}"
EndProject
Project("{FAE04EC0-301F-11D3-BF4B-00C04F79EFBC}") = "Model1", "Model1\Model1.csproj", "{E1096EDD-3E39-42B7-9510-72BE784E1A5A}"
EndProject
Global
	GlobalSection(SolutionConfigurationPlatforms) = preSolution
		Debug|Any CPU = Debug|Any CPU
		Release|Any CPU = Release|Any CPU
	EndGlobalSection
	GlobalSection(ProjectConfigurationPlatforms) = postSolution
		{6D0D6166-82CF-44EC-8878-9785F789AC3C}.Debug|Any CPU.ActiveCfg = Debug|Any CPU
		{6D0D6166-82CF-44EC-8878-9785F789AC3C}.Debug|Any CPU.Build.0 = Debug|Any CPU
		{6D0D6166-82CF-44EC-8878-9785F789AC3C}.Release|Any CPU.ActiveCfg = Release|Any CPU
		{6D0D6166-82CF-44EC-8878-9785F789AC3C}.Release|Any CPU.Build.0 = Release|Any CPU
		{E1096EDD-3E39-42B7-9510-72BE784E1A5A}.Debug|Any CPU.ActiveCfg = Debug|Any CPU
		{E1096EDD-3E39-42B7-9510-72BE784E1A5A}.Debug|Any CPU.Build.0 = Debug|Any CPU
		{E1096EDD-3E39-42B7-9510-72BE784E1A5A}.Release|Any CPU.ActiveCfg = Release|Any CPU
		{E1096EDD-3E39-42B7-9510-72BE784E1A5A}.Release|Any CPU.Build.0 = Release|Any CPU
	EndGlobalSection
	GlobalSection(SolutionProperties) = preSolution
		HideSolutionNode = FALSE
	EndGlobalSection
	GlobalSection(ExtensibilityGlobals) = postSolution
		SolutionGuid = {3353C07B-1460-4DEE-970C-5231A80B5AA7}
	EndGlobalSection
EndGlobal
